<Solution>
  <Folder Name="/src/">
    <Project Path="src/MyPlanner.Application/MyPlanner.Application.csproj" Id="be2b9356-3b11-4799-a69a-7cf98143554a" />
    <Project Path="src/MyPlanner.Domain/MyPlanner.Domain.csproj" Id="1ab73b9f-e6bd-4458-a57d-ddfd76423830" />
    <Project Path="src/MyPlanner.Infrastructure/MyPlanner.Infrastructure.csproj" Id="38f82506-804f-438f-a54a-678dbd1ecf7d" />
    <Project Path="src/MyPlanner.Web/MyPlanner.Web.csproj" Id="7350498a-1daf-419b-a117-94a2634d8bb2" />
  </Folder>
  <Folder Name="/tests/">
    <Project Path="tests/MyPlanner.Application.TestData/MyPlanner.Application.TestData.csproj" Id="e192b434-7a0b-4bdd-8b50-cd47588b057e" />
    <Project Path="tests/MyPlanner.Application.UnitTests/MyPlanner.Application.UnitTests.csproj" Id="9462fae6-8475-4325-a892-802b8cdd48ff" />
    <Project Path="tests/MyPlanner.Domain.TestData/MyPlanner.Domain.TestData.csproj" Id="4d307f71-29dc-46a9-97cf-553da8c28ac7" />
    <Project Path="tests/MyPlanner.Domain.UnitTests/MyPlanner.Domain.UnitTests.csproj" Id="180c3357-7dae-49b6-9a92-7ca596477c78" />
    <Project Path="tests/MyPlanner.IntegrationTests/MyPlanner.IntegrationTests.csproj" Id="15ac79b8-977b-4901-9d61-c903a5791668" />
    <Project Path="tests/MyPlanner.Web.UnitTests/MyPlanner.Web.UnitTests.csproj" Id="93d069f7-0eec-4f30-aa98-8ea552d053c2" />
  </Folder>
</Solution>
